
Microsoft Visual Studio Solution File, Format Version 12.00
# Visual Studio Version 17
VisualStudioVersion = 17.2.32526.322
MinimumVisualStudioVersion = 10.0.40219.1
Project("{9A19103F-16F7-4668-BE54-9A1E7A4F7556}") = "Api.Signals", "Api.Signals\Api.Signals.csproj", "{0B208421-D40D-4867-AF5E-46D9F81D5250}"
EndProject
Project("{2150E333-8FDC-42A3-9474-1A3956D46DE8}") = "common", "common", "{7115D718-8DFE-45FB-9551-0E1786E4AC5C}"
EndProject
Project("{2150E333-8FDC-42A3-9474-1A3956D46DE8}") = "device-manager", "device-manager", "{AD6048CE-5DAA-44E1-ABC4-C0E31389E139}"
EndProject
Project("{2150E333-8FDC-42A3-9474-1A3956D46DE8}") = "entities", "entities", "{1B15C113-C293-4ACB-8D68-E0373C5BEFCE}"
EndProject
Project("{9A19103F-16F7-4668-BE54-9A1E7A4F7556}") = "Models.Signals.Test", "Models.Signals.Test\Models.Signals.Test.csproj", "{B3413B28-DFC5-443B-B340-41DA8D0D8D4E}"
EndProject
Project("{9A19103F-16F7-4668-BE54-9A1E7A4F7556}") = "Repository.Signals", "Repository.Signals\Repository.Signals.csproj", "{4112ADFA-D570-4EB1-AE8C-7010C6EB1E31}"
EndProject
Project("{9A19103F-16F7-4668-BE54-9A1E7A4F7556}") = "Repository.Signals.Test", "Repository.Signals.Test\Repository.Signals.Test.csproj", "{3F0898F9-1768-4337-A793-86CAF30ED538}"
EndProject
Project("{9A19103F-16F7-4668-BE54-9A1E7A4F7556}") = "Models.Entities", "entities\Models.Entities\Models.Entities.csproj", "{7CEADD42-6050-4A6C-859F-4937FC0822A5}"
EndProject
Project("{9A19103F-16F7-4668-BE54-9A1E7A4F7556}") = "Persistence.Common", "common\Persistence.Common\Persistence.Common.csproj", "{84ACCC3B-A550-450A-9027-E633F0B2C436}"
EndProject
Project("{9A19103F-16F7-4668-BE54-9A1E7A4F7556}") = "Models.DeviceManager.Mapster", "device-manager\Models.DeviceManager.Mapster\Models.DeviceManager.Mapster.csproj", "{0754E1AB-5241-4B77-844F-EF3B7A2BBFC5}"
EndProject
Project("{9A19103F-16F7-4668-BE54-9A1E7A4F7556}") = "Persistence.Mongo", "common\Persistence.Mongo\Persistence.Mongo.csproj", "{C15B5148-2887-4D58-A442-0A9B8AB7931B}"
EndProject
Project("{9A19103F-16F7-4668-BE54-9A1E7A4F7556}") = "Persistence.Common.Test", "common\Persistence.Common.Test\Persistence.Common.Test.csproj", "{2CDBF126-2EE4-4E19-A81E-A98BC38B5EE8}"
EndProject
Project("{9A19103F-16F7-4668-BE54-9A1E7A4F7556}") = "Persistence.Mongo.Test", "common\Persistence.Mongo.Test\Persistence.Mongo.Test.csproj", "{CCE31EEB-9D64-4045-981B-04BA0EF44B07}"
EndProject
Project("{9A19103F-16F7-4668-BE54-9A1E7A4F7556}") = "Domain.Signals", "Domain.Signals\Domain.Signals.csproj", "{E8E9BFFD-5132-44F9-8824-9E02645F1CCB}"
EndProject
Project("{9A19103F-16F7-4668-BE54-9A1E7A4F7556}") = "Domain.Entities", "entities\Domain.Entities\Domain.Entities.csproj", "{F91DC4AD-28AB-4E21-A44A-5DE1CFD0D1DB}"
EndProject
Project("{9A19103F-16F7-4668-BE54-9A1E7A4F7556}") = "Repository.Entities", "entities\Repository.Entities\Repository.Entities.csproj", "{AAEC4380-92E8-4B5D-A09B-39F99130313C}"
EndProject
Project("{9A19103F-16F7-4668-BE54-9A1E7A4F7556}") = "Helpers", "common\Helpers\Helpers.csproj", "{8DB93E2E-5DCC-4AFB-A0D3-0D18CDD1D3A3}"
EndProject
Project("{9A19103F-16F7-4668-BE54-9A1E7A4F7556}") = "Models.Signals", "Models.Signals\Models.Signals.csproj", "{499375DC-813C-424D-9537-98AA82252E2D}"
EndProject
Project("{2150E333-8FDC-42A3-9474-1A3956D46DE8}") = "status", "status", "{2BCB9A48-21F7-41F4-9E5B-F47F00334318}"
EndProject
Project("{9A19103F-16F7-4668-BE54-9A1E7A4F7556}") = "Serialization", "common\Serialization\Serialization.csproj", "{9CEADD9C-A053-4324-95FD-C68451E6E7B2}"
EndProject
Project("{9A19103F-16F7-4668-BE54-9A1E7A4F7556}") = "Messaging", "common\Messaging\Messaging.csproj", "{FCEC81C1-EF69-42C9-9973-C4CE893F489E}"
EndProject
Project("{9A19103F-16F7-4668-BE54-9A1E7A4F7556}") = "Status.Signal", "status\Status.Signal\Status.Signal.csproj", "{BD736CCD-BF48-4860-B29D-1C0861A43847}"
EndProject
Project("{9A19103F-16F7-4668-BE54-9A1E7A4F7556}") = "Status.Ess", "status\Status.Ess\Status.Ess.csproj", "{F47B3683-CD6E-43C6-9359-927E92ED20D3}"
EndProject
Project("{9A19103F-16F7-4668-BE54-9A1E7A4F7556}") = "Status.Common", "status\Status.Common\Status.Common.csproj", "{4338E067-F08F-415F-A239-F8D9950753F7}"
EndProject
Project("{9A19103F-16F7-4668-BE54-9A1E7A4F7556}") = "Extensions", "common\Extensions\Extensions.csproj", "{2A97DE2A-EAAD-4FB5-8605-EBD86831A7F0}"
EndProject
Project("{9A19103F-16F7-4668-BE54-9A1E7A4F7556}") = "Authorization", "common\Authorization\Authorization.csproj", "{0AB00D0F-1CB3-4AE0-BAC3-F512DF7821A9}"
EndProject
Project("{2150E333-8FDC-42A3-9474-1A3956D46DE8}") = "asn1-j2735", "asn1-j2735", "{46BE77B8-EF75-4D8B-B51E-3BF83A49F49E}"
EndProject
Project("{9A19103F-16F7-4668-BE54-9A1E7A4F7556}") = "Asn1J2735", "asn1-j2735\Asn1J2735\Asn1J2735.csproj", "{7A790469-42AA-4BA2-A807-EBE8E0145AD1}"
EndProject
Project("{9A19103F-16F7-4668-BE54-9A1E7A4F7556}") = "Domain.Asn1.J2735", "asn1-j2735\Domain.Asn1.J2735\Domain.Asn1.J2735.csproj", "{7FD1949B-782D-443C-BB4A-1DF5BFAE889B}"
EndProject
Project("{9A19103F-16F7-4668-BE54-9A1E7A4F7556}") = "J2735.201603", "asn1-j2735\Econolite.J2735_201603\J2735.201603.csproj", "{8AA00A29-0AFE-4A5F-9CCF-6ABFA9FF9E4A}"
EndProject
Project("{9A19103F-16F7-4668-BE54-9A1E7A4F7556}") = "Spat.Signals", "Spat.Signals\Spat.Signals.csproj", "{1F3D6E0F-2C75-4119-802D-FC0FC9547102}"
EndProject
Project("{9A19103F-16F7-4668-BE54-9A1E7A4F7556}") = "Status.Common.Messaging", "status\Status.Common.Messaging\Status.Common.Messaging.csproj", "{C7754371-169F-43DD-9BBE-47C0F9644D59}"
EndProject
Project("{9A19103F-16F7-4668-BE54-9A1E7A4F7556}") = "Status.Signal.Messaging", "status\Status.Signal.Messaging\Status.Signal.Messaging.csproj", "{718B924E-3396-451E-AF42-C5FBFA48CFA6}"
EndProject
Project("{2150E333-8FDC-42A3-9474-1A3956D46DE8}") = "config", "config", "{9873F41E-4631-4364-B32F-D70886A3594A}"
EndProject
Project("{9A19103F-16F7-4668-BE54-9A1E7A4F7556}") = "Config", "config\Config\Config.csproj", "{5872820B-286E-439F-A5DD-62EAFD8C01B2}"
EndProject
Project("{9A19103F-16F7-4668-BE54-9A1E7A4F7556}") = "Config.Messaging", "config\Config.Messaging\Config.Messaging.csproj", "{6BE42E31-8006-4C1A-A768-193F98AFF462}"
EndProject
Project("{9A19103F-16F7-4668-BE54-9A1E7A4F7556}") = "Ssm.Signals", "Ssm.Signals\Ssm.Signals.csproj", "{73A1EC01-573B-4E54-A2B7-AF319E32C618}"
EndProject
Project("{9A19103F-16F7-4668-BE54-9A1E7A4F7556}") = "Srm.Signals", "Srm.Signals\Srm.Signals.csproj", "{05C4F71C-5E7E-4781-AF80-266B48D94F02}"
EndProject
Project("{9A19103F-16F7-4668-BE54-9A1E7A4F7556}") = "Monitoring", "common\Monitoring\Monitoring.csproj", "{3A44101F-5686-4A25-945D-17FEEC0A01D5}"
EndProject
Project("{9A19103F-16F7-4668-BE54-9A1E7A4F7556}") = "Monitoring.AspNet", "common\Monitoring.AspNet\Monitoring.AspNet.csproj", "{6F6377AB-3CF5-42ED-8711-4CC1EE7A975F}"
EndProject
Project("{9A19103F-16F7-4668-BE54-9A1E7A4F7556}") = "Monitoring.HealthChecks.Kafka", "common\Monitoring.HealthChecks.Kafka\Monitoring.HealthChecks.Kafka.csproj", "{1C287A17-B28E-4B7E-A601-AD23E538D369}"
EndProject
Project("{9A19103F-16F7-4668-BE54-9A1E7A4F7556}") = "Monitoring.HealthChecks.Mongo", "common\Monitoring.HealthChecks.Mongo\Monitoring.HealthChecks.Mongo.csproj", "{F7C6A6FA-A034-497D-806A-EAB8316431C9}"
EndProject
Project("{9A19103F-16F7-4668-BE54-9A1E7A4F7556}") = "Extensions.AspNet", "common\Extensions.AspNet\Extensions.AspNet.csproj", "{C529BF0F-FBE7-414B-973A-A78399AF18E7}"
EndProject
Project("{9A19103F-16F7-4668-BE54-9A1E7A4F7556}") = "Monitoring.HealthChecks.Redis", "common\Monitoring.HealthChecks.Redis\Monitoring.HealthChecks.Redis.csproj", "{04CDF77A-CF0C-4680-9682-A0E9286A5023}"
EndProject
Project("{9A19103F-16F7-4668-BE54-9A1E7A4F7556}") = "Api.Signals.Test", "Api.Signals.Test\Api.Signals.Test.csproj", "{BB68481E-394E-451B-A060-6A6CA40BF086}"
EndProject
Project("{9A19103F-16F7-4668-BE54-9A1E7A4F7556}") = "Status.Bsm.Messaging", "status\Status.Bsm.Messaging\Status.Bsm.Messaging.csproj", "{15B9123A-7C3F-4A21-80D0-E062206D1246}"
EndProject
Global
	GlobalSection(SolutionConfigurationPlatforms) = preSolution
		Debug|Any CPU = Debug|Any CPU
		Release|Any CPU = Release|Any CPU
	EndGlobalSection
	GlobalSection(ProjectConfigurationPlatforms) = postSolution
		{0B208421-D40D-4867-AF5E-46D9F81D5250}.Debug|Any CPU.ActiveCfg = Debug|Any CPU
		{0B208421-D40D-4867-AF5E-46D9F81D5250}.Debug|Any CPU.Build.0 = Debug|Any CPU
		{0B208421-D40D-4867-AF5E-46D9F81D5250}.Release|Any CPU.ActiveCfg = Release|Any CPU
		{0B208421-D40D-4867-AF5E-46D9F81D5250}.Release|Any CPU.Build.0 = Release|Any CPU
		{B3413B28-DFC5-443B-B340-41DA8D0D8D4E}.Debug|Any CPU.ActiveCfg = Debug|Any CPU
		{B3413B28-DFC5-443B-B340-41DA8D0D8D4E}.Debug|Any CPU.Build.0 = Debug|Any CPU
		{B3413B28-DFC5-443B-B340-41DA8D0D8D4E}.Release|Any CPU.ActiveCfg = Release|Any CPU
		{B3413B28-DFC5-443B-B340-41DA8D0D8D4E}.Release|Any CPU.Build.0 = Release|Any CPU
		{4112ADFA-D570-4EB1-AE8C-7010C6EB1E31}.Debug|Any CPU.ActiveCfg = Debug|Any CPU
		{4112ADFA-D570-4EB1-AE8C-7010C6EB1E31}.Debug|Any CPU.Build.0 = Debug|Any CPU
		{4112ADFA-D570-4EB1-AE8C-7010C6EB1E31}.Release|Any CPU.ActiveCfg = Release|Any CPU
		{4112ADFA-D570-4EB1-AE8C-7010C6EB1E31}.Release|Any CPU.Build.0 = Release|Any CPU
		{3F0898F9-1768-4337-A793-86CAF30ED538}.Debug|Any CPU.ActiveCfg = Debug|Any CPU
		{3F0898F9-1768-4337-A793-86CAF30ED538}.Debug|Any CPU.Build.0 = Debug|Any CPU
		{3F0898F9-1768-4337-A793-86CAF30ED538}.Release|Any CPU.ActiveCfg = Release|Any CPU
		{3F0898F9-1768-4337-A793-86CAF30ED538}.Release|Any CPU.Build.0 = Release|Any CPU
		{7CEADD42-6050-4A6C-859F-4937FC0822A5}.Debug|Any CPU.ActiveCfg = Debug|Any CPU
		{7CEADD42-6050-4A6C-859F-4937FC0822A5}.Debug|Any CPU.Build.0 = Debug|Any CPU
		{7CEADD42-6050-4A6C-859F-4937FC0822A5}.Release|Any CPU.ActiveCfg = Release|Any CPU
		{7CEADD42-6050-4A6C-859F-4937FC0822A5}.Release|Any CPU.Build.0 = Release|Any CPU
		{84ACCC3B-A550-450A-9027-E633F0B2C436}.Debug|Any CPU.ActiveCfg = Debug|Any CPU
		{84ACCC3B-A550-450A-9027-E633F0B2C436}.Debug|Any CPU.Build.0 = Debug|Any CPU
		{84ACCC3B-A550-450A-9027-E633F0B2C436}.Release|Any CPU.ActiveCfg = Release|Any CPU
		{84ACCC3B-A550-450A-9027-E633F0B2C436}.Release|Any CPU.Build.0 = Release|Any CPU
		{0754E1AB-5241-4B77-844F-EF3B7A2BBFC5}.Debug|Any CPU.ActiveCfg = Debug|Any CPU
		{0754E1AB-5241-4B77-844F-EF3B7A2BBFC5}.Debug|Any CPU.Build.0 = Debug|Any CPU
		{0754E1AB-5241-4B77-844F-EF3B7A2BBFC5}.Release|Any CPU.ActiveCfg = Release|Any CPU
		{0754E1AB-5241-4B77-844F-EF3B7A2BBFC5}.Release|Any CPU.Build.0 = Release|Any CPU
		{C15B5148-2887-4D58-A442-0A9B8AB7931B}.Debug|Any CPU.ActiveCfg = Debug|Any CPU
		{C15B5148-2887-4D58-A442-0A9B8AB7931B}.Debug|Any CPU.Build.0 = Debug|Any CPU
		{C15B5148-2887-4D58-A442-0A9B8AB7931B}.Release|Any CPU.ActiveCfg = Release|Any CPU
		{C15B5148-2887-4D58-A442-0A9B8AB7931B}.Release|Any CPU.Build.0 = Release|Any CPU
		{2CDBF126-2EE4-4E19-A81E-A98BC38B5EE8}.Debug|Any CPU.ActiveCfg = Debug|Any CPU
		{2CDBF126-2EE4-4E19-A81E-A98BC38B5EE8}.Debug|Any CPU.Build.0 = Debug|Any CPU
		{2CDBF126-2EE4-4E19-A81E-A98BC38B5EE8}.Release|Any CPU.ActiveCfg = Release|Any CPU
		{2CDBF126-2EE4-4E19-A81E-A98BC38B5EE8}.Release|Any CPU.Build.0 = Release|Any CPU
		{CCE31EEB-9D64-4045-981B-04BA0EF44B07}.Debug|Any CPU.ActiveCfg = Debug|Any CPU
		{CCE31EEB-9D64-4045-981B-04BA0EF44B07}.Debug|Any CPU.Build.0 = Debug|Any CPU
		{CCE31EEB-9D64-4045-981B-04BA0EF44B07}.Release|Any CPU.ActiveCfg = Release|Any CPU
		{CCE31EEB-9D64-4045-981B-04BA0EF44B07}.Release|Any CPU.Build.0 = Release|Any CPU
		{E8E9BFFD-5132-44F9-8824-9E02645F1CCB}.Debug|Any CPU.ActiveCfg = Debug|Any CPU
		{E8E9BFFD-5132-44F9-8824-9E02645F1CCB}.Debug|Any CPU.Build.0 = Debug|Any CPU
		{E8E9BFFD-5132-44F9-8824-9E02645F1CCB}.Release|Any CPU.ActiveCfg = Release|Any CPU
		{E8E9BFFD-5132-44F9-8824-9E02645F1CCB}.Release|Any CPU.Build.0 = Release|Any CPU
		{F91DC4AD-28AB-4E21-A44A-5DE1CFD0D1DB}.Debug|Any CPU.ActiveCfg = Debug|Any CPU
		{F91DC4AD-28AB-4E21-A44A-5DE1CFD0D1DB}.Debug|Any CPU.Build.0 = Debug|Any CPU
		{F91DC4AD-28AB-4E21-A44A-5DE1CFD0D1DB}.Release|Any CPU.ActiveCfg = Release|Any CPU
		{F91DC4AD-28AB-4E21-A44A-5DE1CFD0D1DB}.Release|Any CPU.Build.0 = Release|Any CPU
		{AAEC4380-92E8-4B5D-A09B-39F99130313C}.Debug|Any CPU.ActiveCfg = Debug|Any CPU
		{AAEC4380-92E8-4B5D-A09B-39F99130313C}.Debug|Any CPU.Build.0 = Debug|Any CPU
		{AAEC4380-92E8-4B5D-A09B-39F99130313C}.Release|Any CPU.ActiveCfg = Release|Any CPU
		{AAEC4380-92E8-4B5D-A09B-39F99130313C}.Release|Any CPU.Build.0 = Release|Any CPU
		{8DB93E2E-5DCC-4AFB-A0D3-0D18CDD1D3A3}.Debug|Any CPU.ActiveCfg = Debug|Any CPU
		{8DB93E2E-5DCC-4AFB-A0D3-0D18CDD1D3A3}.Debug|Any CPU.Build.0 = Debug|Any CPU
		{8DB93E2E-5DCC-4AFB-A0D3-0D18CDD1D3A3}.Release|Any CPU.ActiveCfg = Release|Any CPU
		{8DB93E2E-5DCC-4AFB-A0D3-0D18CDD1D3A3}.Release|Any CPU.Build.0 = Release|Any CPU
		{499375DC-813C-424D-9537-98AA82252E2D}.Debug|Any CPU.ActiveCfg = Debug|Any CPU
		{499375DC-813C-424D-9537-98AA82252E2D}.Debug|Any CPU.Build.0 = Debug|Any CPU
		{499375DC-813C-424D-9537-98AA82252E2D}.Release|Any CPU.ActiveCfg = Release|Any CPU
		{499375DC-813C-424D-9537-98AA82252E2D}.Release|Any CPU.Build.0 = Release|Any CPU
		{9CEADD9C-A053-4324-95FD-C68451E6E7B2}.Debug|Any CPU.ActiveCfg = Debug|Any CPU
		{9CEADD9C-A053-4324-95FD-C68451E6E7B2}.Debug|Any CPU.Build.0 = Debug|Any CPU
		{9CEADD9C-A053-4324-95FD-C68451E6E7B2}.Release|Any CPU.ActiveCfg = Release|Any CPU
		{9CEADD9C-A053-4324-95FD-C68451E6E7B2}.Release|Any CPU.Build.0 = Release|Any CPU
		{FCEC81C1-EF69-42C9-9973-C4CE893F489E}.Debug|Any CPU.ActiveCfg = Debug|Any CPU
		{FCEC81C1-EF69-42C9-9973-C4CE893F489E}.Debug|Any CPU.Build.0 = Debug|Any CPU
		{FCEC81C1-EF69-42C9-9973-C4CE893F489E}.Release|Any CPU.ActiveCfg = Release|Any CPU
		{FCEC81C1-EF69-42C9-9973-C4CE893F489E}.Release|Any CPU.Build.0 = Release|Any CPU
		{BD736CCD-BF48-4860-B29D-1C0861A43847}.Debug|Any CPU.ActiveCfg = Debug|Any CPU
		{BD736CCD-BF48-4860-B29D-1C0861A43847}.Debug|Any CPU.Build.0 = Debug|Any CPU
		{BD736CCD-BF48-4860-B29D-1C0861A43847}.Release|Any CPU.ActiveCfg = Release|Any CPU
		{BD736CCD-BF48-4860-B29D-1C0861A43847}.Release|Any CPU.Build.0 = Release|Any CPU
		{F47B3683-CD6E-43C6-9359-927E92ED20D3}.Debug|Any CPU.ActiveCfg = Debug|Any CPU
		{F47B3683-CD6E-43C6-9359-927E92ED20D3}.Debug|Any CPU.Build.0 = Debug|Any CPU
		{F47B3683-CD6E-43C6-9359-927E92ED20D3}.Release|Any CPU.ActiveCfg = Release|Any CPU
		{F47B3683-CD6E-43C6-9359-927E92ED20D3}.Release|Any CPU.Build.0 = Release|Any CPU
		{4338E067-F08F-415F-A239-F8D9950753F7}.Debug|Any CPU.ActiveCfg = Debug|Any CPU
		{4338E067-F08F-415F-A239-F8D9950753F7}.Debug|Any CPU.Build.0 = Debug|Any CPU
		{4338E067-F08F-415F-A239-F8D9950753F7}.Release|Any CPU.ActiveCfg = Release|Any CPU
		{4338E067-F08F-415F-A239-F8D9950753F7}.Release|Any CPU.Build.0 = Release|Any CPU
		{2A97DE2A-EAAD-4FB5-8605-EBD86831A7F0}.Debug|Any CPU.ActiveCfg = Debug|Any CPU
		{2A97DE2A-EAAD-4FB5-8605-EBD86831A7F0}.Debug|Any CPU.Build.0 = Debug|Any CPU
		{2A97DE2A-EAAD-4FB5-8605-EBD86831A7F0}.Release|Any CPU.ActiveCfg = Release|Any CPU
		{2A97DE2A-EAAD-4FB5-8605-EBD86831A7F0}.Release|Any CPU.Build.0 = Release|Any CPU
		{0AB00D0F-1CB3-4AE0-BAC3-F512DF7821A9}.Debug|Any CPU.ActiveCfg = Debug|Any CPU
		{0AB00D0F-1CB3-4AE0-BAC3-F512DF7821A9}.Debug|Any CPU.Build.0 = Debug|Any CPU
		{0AB00D0F-1CB3-4AE0-BAC3-F512DF7821A9}.Release|Any CPU.ActiveCfg = Release|Any CPU
		{0AB00D0F-1CB3-4AE0-BAC3-F512DF7821A9}.Release|Any CPU.Build.0 = Release|Any CPU
		{7A790469-42AA-4BA2-A807-EBE8E0145AD1}.Debug|Any CPU.ActiveCfg = Debug|Any CPU
		{7A790469-42AA-4BA2-A807-EBE8E0145AD1}.Debug|Any CPU.Build.0 = Debug|Any CPU
		{7A790469-42AA-4BA2-A807-EBE8E0145AD1}.Release|Any CPU.ActiveCfg = Release|Any CPU
		{7A790469-42AA-4BA2-A807-EBE8E0145AD1}.Release|Any CPU.Build.0 = Release|Any CPU
		{7FD1949B-782D-443C-BB4A-1DF5BFAE889B}.Debug|Any CPU.ActiveCfg = Debug|Any CPU
		{7FD1949B-782D-443C-BB4A-1DF5BFAE889B}.Debug|Any CPU.Build.0 = Debug|Any CPU
		{7FD1949B-782D-443C-BB4A-1DF5BFAE889B}.Release|Any CPU.ActiveCfg = Release|Any CPU
		{7FD1949B-782D-443C-BB4A-1DF5BFAE889B}.Release|Any CPU.Build.0 = Release|Any CPU
		{8AA00A29-0AFE-4A5F-9CCF-6ABFA9FF9E4A}.Debug|Any CPU.ActiveCfg = Debug|Any CPU
		{8AA00A29-0AFE-4A5F-9CCF-6ABFA9FF9E4A}.Debug|Any CPU.Build.0 = Debug|Any CPU
		{8AA00A29-0AFE-4A5F-9CCF-6ABFA9FF9E4A}.Release|Any CPU.ActiveCfg = Release|Any CPU
		{8AA00A29-0AFE-4A5F-9CCF-6ABFA9FF9E4A}.Release|Any CPU.Build.0 = Release|Any CPU
		{1F3D6E0F-2C75-4119-802D-FC0FC9547102}.Debug|Any CPU.ActiveCfg = Debug|Any CPU
		{1F3D6E0F-2C75-4119-802D-FC0FC9547102}.Debug|Any CPU.Build.0 = Debug|Any CPU
		{1F3D6E0F-2C75-4119-802D-FC0FC9547102}.Release|Any CPU.ActiveCfg = Release|Any CPU
		{1F3D6E0F-2C75-4119-802D-FC0FC9547102}.Release|Any CPU.Build.0 = Release|Any CPU
		{C7754371-169F-43DD-9BBE-47C0F9644D59}.Debug|Any CPU.ActiveCfg = Debug|Any CPU
		{C7754371-169F-43DD-9BBE-47C0F9644D59}.Debug|Any CPU.Build.0 = Debug|Any CPU
		{C7754371-169F-43DD-9BBE-47C0F9644D59}.Release|Any CPU.ActiveCfg = Release|Any CPU
		{C7754371-169F-43DD-9BBE-47C0F9644D59}.Release|Any CPU.Build.0 = Release|Any CPU
		{718B924E-3396-451E-AF42-C5FBFA48CFA6}.Debug|Any CPU.ActiveCfg = Debug|Any CPU
		{718B924E-3396-451E-AF42-C5FBFA48CFA6}.Debug|Any CPU.Build.0 = Debug|Any CPU
		{718B924E-3396-451E-AF42-C5FBFA48CFA6}.Release|Any CPU.ActiveCfg = Release|Any CPU
		{718B924E-3396-451E-AF42-C5FBFA48CFA6}.Release|Any CPU.Build.0 = Release|Any CPU
		{5872820B-286E-439F-A5DD-62EAFD8C01B2}.Debug|Any CPU.ActiveCfg = Debug|Any CPU
		{5872820B-286E-439F-A5DD-62EAFD8C01B2}.Debug|Any CPU.Build.0 = Debug|Any CPU
		{5872820B-286E-439F-A5DD-62EAFD8C01B2}.Release|Any CPU.ActiveCfg = Release|Any CPU
		{5872820B-286E-439F-A5DD-62EAFD8C01B2}.Release|Any CPU.Build.0 = Release|Any CPU
		{6BE42E31-8006-4C1A-A768-193F98AFF462}.Debug|Any CPU.ActiveCfg = Debug|Any CPU
		{6BE42E31-8006-4C1A-A768-193F98AFF462}.Debug|Any CPU.Build.0 = Debug|Any CPU
		{6BE42E31-8006-4C1A-A768-193F98AFF462}.Release|Any CPU.ActiveCfg = Release|Any CPU
		{6BE42E31-8006-4C1A-A768-193F98AFF462}.Release|Any CPU.Build.0 = Release|Any CPU
		{73A1EC01-573B-4E54-A2B7-AF319E32C618}.Debug|Any CPU.ActiveCfg = Debug|Any CPU
		{73A1EC01-573B-4E54-A2B7-AF319E32C618}.Debug|Any CPU.Build.0 = Debug|Any CPU
		{73A1EC01-573B-4E54-A2B7-AF319E32C618}.Release|Any CPU.ActiveCfg = Release|Any CPU
		{73A1EC01-573B-4E54-A2B7-AF319E32C618}.Release|Any CPU.Build.0 = Release|Any CPU
		{05C4F71C-5E7E-4781-AF80-266B48D94F02}.Debug|Any CPU.ActiveCfg = Debug|Any CPU
		{05C4F71C-5E7E-4781-AF80-266B48D94F02}.Debug|Any CPU.Build.0 = Debug|Any CPU
		{05C4F71C-5E7E-4781-AF80-266B48D94F02}.Release|Any CPU.ActiveCfg = Release|Any CPU
		{05C4F71C-5E7E-4781-AF80-266B48D94F02}.Release|Any CPU.Build.0 = Release|Any CPU
		{3A44101F-5686-4A25-945D-17FEEC0A01D5}.Debug|Any CPU.ActiveCfg = Debug|Any CPU
		{3A44101F-5686-4A25-945D-17FEEC0A01D5}.Debug|Any CPU.Build.0 = Debug|Any CPU
		{3A44101F-5686-4A25-945D-17FEEC0A01D5}.Release|Any CPU.ActiveCfg = Release|Any CPU
		{3A44101F-5686-4A25-945D-17FEEC0A01D5}.Release|Any CPU.Build.0 = Release|Any CPU
		{6F6377AB-3CF5-42ED-8711-4CC1EE7A975F}.Debug|Any CPU.ActiveCfg = Debug|Any CPU
		{6F6377AB-3CF5-42ED-8711-4CC1EE7A975F}.Debug|Any CPU.Build.0 = Debug|Any CPU
		{6F6377AB-3CF5-42ED-8711-4CC1EE7A975F}.Release|Any CPU.ActiveCfg = Release|Any CPU
		{6F6377AB-3CF5-42ED-8711-4CC1EE7A975F}.Release|Any CPU.Build.0 = Release|Any CPU
		{1C287A17-B28E-4B7E-A601-AD23E538D369}.Debug|Any CPU.ActiveCfg = Debug|Any CPU
		{1C287A17-B28E-4B7E-A601-AD23E538D369}.Debug|Any CPU.Build.0 = Debug|Any CPU
		{1C287A17-B28E-4B7E-A601-AD23E538D369}.Release|Any CPU.ActiveCfg = Release|Any CPU
		{1C287A17-B28E-4B7E-A601-AD23E538D369}.Release|Any CPU.Build.0 = Release|Any CPU
		{F7C6A6FA-A034-497D-806A-EAB8316431C9}.Debug|Any CPU.ActiveCfg = Debug|Any CPU
		{F7C6A6FA-A034-497D-806A-EAB8316431C9}.Debug|Any CPU.Build.0 = Debug|Any CPU
		{F7C6A6FA-A034-497D-806A-EAB8316431C9}.Release|Any CPU.ActiveCfg = Release|Any CPU
		{F7C6A6FA-A034-497D-806A-EAB8316431C9}.Release|Any CPU.Build.0 = Release|Any CPU
		{C529BF0F-FBE7-414B-973A-A78399AF18E7}.Debug|Any CPU.ActiveCfg = Debug|Any CPU
		{C529BF0F-FBE7-414B-973A-A78399AF18E7}.Debug|Any CPU.Build.0 = Debug|Any CPU
		{C529BF0F-FBE7-414B-973A-A78399AF18E7}.Release|Any CPU.ActiveCfg = Release|Any CPU
		{C529BF0F-FBE7-414B-973A-A78399AF18E7}.Release|Any CPU.Build.0 = Release|Any CPU
		{04CDF77A-CF0C-4680-9682-A0E9286A5023}.Debug|Any CPU.ActiveCfg = Debug|Any CPU
		{04CDF77A-CF0C-4680-9682-A0E9286A5023}.Debug|Any CPU.Build.0 = Debug|Any CPU
		{04CDF77A-CF0C-4680-9682-A0E9286A5023}.Release|Any CPU.ActiveCfg = Release|Any CPU
		{04CDF77A-CF0C-4680-9682-A0E9286A5023}.Release|Any CPU.Build.0 = Release|Any CPU
		{BB68481E-394E-451B-A060-6A6CA40BF086}.Debug|Any CPU.ActiveCfg = Debug|Any CPU
		{BB68481E-394E-451B-A060-6A6CA40BF086}.Debug|Any CPU.Build.0 = Debug|Any CPU
		{BB68481E-394E-451B-A060-6A6CA40BF086}.Release|Any CPU.ActiveCfg = Release|Any CPU
		{BB68481E-394E-451B-A060-6A6CA40BF086}.Release|Any CPU.Build.0 = Release|Any CPU
		{15B9123A-7C3F-4A21-80D0-E062206D1246}.Debug|Any CPU.ActiveCfg = Debug|Any CPU
		{15B9123A-7C3F-4A21-80D0-E062206D1246}.Debug|Any CPU.Build.0 = Debug|Any CPU
		{15B9123A-7C3F-4A21-80D0-E062206D1246}.Release|Any CPU.ActiveCfg = Release|Any CPU
		{15B9123A-7C3F-4A21-80D0-E062206D1246}.Release|Any CPU.Build.0 = Release|Any CPU
	EndGlobalSection
	GlobalSection(SolutionProperties) = preSolution
		HideSolutionNode = FALSE
	EndGlobalSection
	GlobalSection(NestedProjects) = preSolution
		{7CEADD42-6050-4A6C-859F-4937FC0822A5} = {1B15C113-C293-4ACB-8D68-E0373C5BEFCE}
		{84ACCC3B-A550-450A-9027-E633F0B2C436} = {7115D718-8DFE-45FB-9551-0E1786E4AC5C}
		{0754E1AB-5241-4B77-844F-EF3B7A2BBFC5} = {AD6048CE-5DAA-44E1-ABC4-C0E31389E139}
		{C15B5148-2887-4D58-A442-0A9B8AB7931B} = {7115D718-8DFE-45FB-9551-0E1786E4AC5C}
		{2CDBF126-2EE4-4E19-A81E-A98BC38B5EE8} = {7115D718-8DFE-45FB-9551-0E1786E4AC5C}
		{CCE31EEB-9D64-4045-981B-04BA0EF44B07} = {7115D718-8DFE-45FB-9551-0E1786E4AC5C}
		{F91DC4AD-28AB-4E21-A44A-5DE1CFD0D1DB} = {1B15C113-C293-4ACB-8D68-E0373C5BEFCE}
		{AAEC4380-92E8-4B5D-A09B-39F99130313C} = {1B15C113-C293-4ACB-8D68-E0373C5BEFCE}
		{8DB93E2E-5DCC-4AFB-A0D3-0D18CDD1D3A3} = {7115D718-8DFE-45FB-9551-0E1786E4AC5C}
		{9CEADD9C-A053-4324-95FD-C68451E6E7B2} = {7115D718-8DFE-45FB-9551-0E1786E4AC5C}
		{FCEC81C1-EF69-42C9-9973-C4CE893F489E} = {7115D718-8DFE-45FB-9551-0E1786E4AC5C}
		{BD736CCD-BF48-4860-B29D-1C0861A43847} = {2BCB9A48-21F7-41F4-9E5B-F47F00334318}
		{F47B3683-CD6E-43C6-9359-927E92ED20D3} = {2BCB9A48-21F7-41F4-9E5B-F47F00334318}
		{4338E067-F08F-415F-A239-F8D9950753F7} = {2BCB9A48-21F7-41F4-9E5B-F47F00334318}
		{2A97DE2A-EAAD-4FB5-8605-EBD86831A7F0} = {7115D718-8DFE-45FB-9551-0E1786E4AC5C}
		{0AB00D0F-1CB3-4AE0-BAC3-F512DF7821A9} = {7115D718-8DFE-45FB-9551-0E1786E4AC5C}
		{7A790469-42AA-4BA2-A807-EBE8E0145AD1} = {46BE77B8-EF75-4D8B-B51E-3BF83A49F49E}
		{7FD1949B-782D-443C-BB4A-1DF5BFAE889B} = {46BE77B8-EF75-4D8B-B51E-3BF83A49F49E}
		{8AA00A29-0AFE-4A5F-9CCF-6ABFA9FF9E4A} = {46BE77B8-EF75-4D8B-B51E-3BF83A49F49E}
		{C7754371-169F-43DD-9BBE-47C0F9644D59} = {2BCB9A48-21F7-41F4-9E5B-F47F00334318}
		{718B924E-3396-451E-AF42-C5FBFA48CFA6} = {2BCB9A48-21F7-41F4-9E5B-F47F00334318}
		{5872820B-286E-439F-A5DD-62EAFD8C01B2} = {9873F41E-4631-4364-B32F-D70886A3594A}
		{6BE42E31-8006-4C1A-A768-193F98AFF462} = {9873F41E-4631-4364-B32F-D70886A3594A}
		{3A44101F-5686-4A25-945D-17FEEC0A01D5} = {7115D718-8DFE-45FB-9551-0E1786E4AC5C}
		{6F6377AB-3CF5-42ED-8711-4CC1EE7A975F} = {7115D718-8DFE-45FB-9551-0E1786E4AC5C}
		{1C287A17-B28E-4B7E-A601-AD23E538D369} = {7115D718-8DFE-45FB-9551-0E1786E4AC5C}
		{F7C6A6FA-A034-497D-806A-EAB8316431C9} = {7115D718-8DFE-45FB-9551-0E1786E4AC5C}
		{C529BF0F-FBE7-414B-973A-A78399AF18E7} = {7115D718-8DFE-45FB-9551-0E1786E4AC5C}
		{04CDF77A-CF0C-4680-9682-A0E9286A5023} = {7115D718-8DFE-45FB-9551-0E1786E4AC5C}
		{15B9123A-7C3F-4A21-80D0-E062206D1246} = {2BCB9A48-21F7-41F4-9E5B-F47F00334318}
	EndGlobalSection
	GlobalSection(ExtensibilityGlobals) = postSolution
		SolutionGuid = {3F0104E7-17A8-45AB-BF7A-CD55619B8243}
	EndGlobalSection
EndGlobal
